# This file is generated by running "yarn install" inside your project.
# Manual changes might be lost - proceed with caution!

__metadata:
  version: 8
  cacheKey: 10c0

"@lusc/fileshare@workspace:.":
  version: 0.0.0-use.local
  resolution: "@lusc/fileshare@workspace:."
  dependencies:
    prettier: "npm:^3.3.3"
    prettier-plugin-svelte: "npm:^3.2.7"
  languageName: unknown
  linkType: soft

"prettier-plugin-svelte@npm:^3.2.7":
  version: 3.2.7
  resolution: "prettier-plugin-svelte@npm:3.2.7"
  peerDependencies:
    prettier: ^3.0.0
    svelte: ^3.2.0 || ^4.0.0-next.0 || ^5.0.0-next.0
  checksum: 10c0/0f3b7cbbedd17983eecea4006dbe3069cc138fc2dc985ccffde4914e86640586b5db896802c1cdb5764c99c8c30fca0377c5872edc1b5a9099544296c545e7bc
  languageName: node
  linkType: hard

"prettier@npm:^3.3.3":
  version: 3.3.3
  resolution: "prettier@npm:3.3.3"
  bin:
    prettier: bin/prettier.cjs
  checksum: 10c0/b85828b08e7505716324e4245549b9205c0cacb25342a030ba8885aba2039a115dbcf75a0b7ca3b37bc9d101ee61fab8113fc69ca3359f2a226f1ecc07ad2e26
  languageName: node
  linkType: hard
